
Microsoft Visual Studio Solution File, Format Version 12.00
# Visual Studio Version 16
VisualStudioVersion = 16.0.30204.135
MinimumVisualStudioVersion = 10.0.40219.1
Project("{FAE04EC0-301F-11D3-BF4B-00C04F79EFBC}") = "wael", "wael\wael.csproj", "{B7D64E34-BFB5-4E3E-9FB3-4B35EEBC26E7}"
EndProject
Global
	GlobalSection(SolutionConfigurationPlatforms) = preSolution
		Debug|Any CPU = Debug|Any CPU
		Release|Any CPU = Release|Any CPU
	EndGlobalSection
	GlobalSection(ProjectConfigurationPlatforms) = postSolution
		{B7D64E34-BFB5-4E3E-9FB3-4B35EEBC26E7}.Debug|Any CPU.ActiveCfg = Debug|Any CPU
		{B7D64E34-BFB5-4E3E-9FB3-4B35EEBC26E7}.Debug|Any CPU.Build.0 = Debug|Any CPU
		{B7D64E34-BFB5-4E3E-9FB3-4B35EEBC26E7}.Release|Any CPU.ActiveCfg = Release|Any CPU
		{B7D64E34-BFB5-4E3E-9FB3-4B35EEBC26E7}.Release|Any CPU.Build.0 = Release|Any CPU
	EndGlobalSection
	GlobalSection(SolutionProperties) = preSolution
		HideSolutionNode = FALSE
	EndGlobalSection
	GlobalSection(ExtensibilityGlobals) = postSolution
		SolutionGuid = {55864BBC-FA88-4461-B81E-7DDD8B40E2B3}
	EndGlobalSection
EndGlobal
